
Microsoft Visual Studio Solution File, Format Version 12.00
# Visual Studio Version 17
VisualStudioVersion = 17.6.33829.357
MinimumVisualStudioVersion = 10.0.40219.1
Project("{FAE04EC0-301F-11D3-BF4B-00C04F79EFBC}") = "CrosshairColorChanger", "CrosshairColorChanger\CrosshairColorChanger.csproj", "{D548EBA1-C1FB-40D9-ABDD-6B3D7828B1A5}"
EndProject
Global
	GlobalSection(SolutionConfigurationPlatforms) = preSolution
		Debug|Any CPU = Debug|Any CPU
		Release|Any CPU = Release|Any CPU
	EndGlobalSection
	GlobalSection(ProjectConfigurationPlatforms) = postSolution
		{D548EBA1-C1FB-40D9-ABDD-6B3D7828B1A5}.Debug|Any CPU.ActiveCfg = Debug|Any CPU
		{D548EBA1-C1FB-40D9-ABDD-6B3D7828B1A5}.Debug|Any CPU.Build.0 = Debug|Any CPU
		{D548EBA1-C1FB-40D9-ABDD-6B3D7828B1A5}.Release|Any CPU.ActiveCfg = Release|Any CPU
		{D548EBA1-C1FB-40D9-ABDD-6B3D7828B1A5}.Release|Any CPU.Build.0 = Release|Any CPU
	EndGlobalSection
	GlobalSection(SolutionProperties) = preSolution
		HideSolutionNode = FALSE
	EndGlobalSection
	GlobalSection(ExtensibilityGlobals) = postSolution
		SolutionGuid = {2C9BD217-23BB-454B-94BF-A73FCA37886E}
	EndGlobalSection
EndGlobal
